
Microsoft Visual Studio Solution File, Format Version 12.00
# Visual Studio Version 17
VisualStudioVersion = 17.0.31919.166
MinimumVisualStudioVersion = 10.0.40219.1
Project("{FAE04EC0-301F-11D3-BF4B-00C04F79EFBC}") = "SomeProject", "SomeProject\SomeProject.csproj", "{86FA5D71-48B6-4CEA-A07D-2EC1F4C5C2A4}"
EndProject
Project("{FAE04EC0-301F-11D3-BF4B-00C04F79EFBC}") = "SomeProject.Tests", "SomeProject.Tests\SomeProject.Tests.csproj", "{B42F51F9-CE68-410F-8EAC-42B561572C52}"
EndProject
Global
	GlobalSection(SolutionConfigurationPlatforms) = preSolution
		Debug|Any CPU = Debug|Any CPU
		Release|Any CPU = Release|Any CPU
	EndGlobalSection
	GlobalSection(ProjectConfigurationPlatforms) = postSolution
		{86FA5D71-48B6-4CEA-A07D-2EC1F4C5C2A4}.Debug|Any CPU.ActiveCfg = Debug|Any CPU
		{86FA5D71-48B6-4CEA-A07D-2EC1F4C5C2A4}.Debug|Any CPU.Build.0 = Debug|Any CPU
		{86FA5D71-48B6-4CEA-A07D-2EC1F4C5C2A4}.Release|Any CPU.ActiveCfg = Release|Any CPU
		{86FA5D71-48B6-4CEA-A07D-2EC1F4C5C2A4}.Release|Any CPU.Build.0 = Release|Any CPU
		{B42F51F9-CE68-410F-8EAC-42B561572C52}.Debug|Any CPU.ActiveCfg = Debug|Any CPU
		{B42F51F9-CE68-410F-8EAC-42B561572C52}.Debug|Any CPU.Build.0 = Debug|Any CPU
		{B42F51F9-CE68-410F-8EAC-42B561572C52}.Release|Any CPU.ActiveCfg = Release|Any CPU
		{B42F51F9-CE68-410F-8EAC-42B561572C52}.Release|Any CPU.Build.0 = Release|Any CPU
	EndGlobalSection
	GlobalSection(SolutionProperties) = preSolution
		HideSolutionNode = FALSE
	EndGlobalSection
	GlobalSection(ExtensibilityGlobals) = postSolution
		SolutionGuid = {26215663-5031-4196-B4AD-C11A8F93EC19}
	EndGlobalSection
EndGlobal
